// !$*UTF8*$!
{
	archiveVersion = 1;
	classes = {
	};
	objectVersion = 50;
	objects = {

/* Begin PBXBuildFile section */
		67ECE5F725FA96EC009553DD /* SwiftUI_AppleFrameworksApp.swift in Sources */ = {isa = PBXBuildFile; fileRef = 67ECE5F625FA96EC009553DD /* SwiftUI_AppleFrameworksApp.swift */; };
		67ECE5F925FA96EC009553DD /* FrameworkGridView.swift in Sources */ = {isa = PBXBuildFile; fileRef = 67ECE5F825FA96EC009553DD /* FrameworkGridView.swift */; };
		67ECE5FB25FA96ED009553DD /* Assets.xcassets in Resources */ = {isa = PBXBuildFile; fileRef = 67ECE5FA25FA96ED009553DD /* Assets.xcassets */; };
		67ECE5FE25FA96ED009553DD /* Preview Assets.xcassets in Resources */ = {isa = PBXBuildFile; fileRef = 67ECE5FD25FA96ED009553DD /* Preview Assets.xcassets */; };
		67ECE60725FA9918009553DD /* Framework.swift in Sources */ = {isa = PBXBuildFile; fileRef = 67ECE60625FA9918009553DD /* Framework.swift */; };
		67ECE60B25FAA2A9009553DD /* FrameworkDetailView.swift in Sources */ = {isa = PBXBuildFile; fileRef = 67ECE60A25FAA2A9009553DD /* FrameworkDetailView.swift */; };
		67ECE61125FAA5E2009553DD /* FrameworksButton.swift in Sources */ = {isa = PBXBuildFile; fileRef = 67ECE61025FAA5E2009553DD /* FrameworksButton.swift */; };
		67ECE61425FAA8DB009553DD /* FrameworkGridViewModel.swift in Sources */ = {isa = PBXBuildFile; fileRef = 67ECE61325FAA8DB009553DD /* FrameworkGridViewModel.swift */; };
		67ECE61725FAABE6009553DD /* FrameworkDismissButton.swift in Sources */ = {isa = PBXBuildFile; fileRef = 67ECE61625FAABE6009553DD /* FrameworkDismissButton.swift */; };
		67ECE61B25FB3EC7009553DD /* SafariView.swift in Sources */ = {isa = PBXBuildFile; fileRef = 67ECE61A25FB3EC7009553DD /* SafariView.swift */; };
		67ECE61E25FB444B009553DD /* FrameworkTitleView.swift in Sources */ = {isa = PBXBuildFile; fileRef = 67ECE61D25FB444B009553DD /* FrameworkTitleView.swift */; };
/* End PBXBuildFile section */

/* Begin PBXFileReference section */
		67ECE5F325FA96EC009553DD /* SwiftUI-AppleFrameworks.app */ = {isa = PBXFileReference; explicitFileType = wrapper.application; includeInIndex = 0; path = "SwiftUI-AppleFrameworks.app"; sourceTree = BUILT_PRODUCTS_DIR; };
		67ECE5F625FA96EC009553DD /* SwiftUI_AppleFrameworksApp.swift */ = {isa = PBXFileReference; lastKnownFileType = sourcecode.swift; path = SwiftUI_AppleFrameworksApp.swift; sourceTree = "<group>"; };
		67ECE5F825FA96EC009553DD /* FrameworkGridView.swift */ = {isa = PBXFileReference; lastKnownFileType = sourcecode.swift; path = FrameworkGridView.swift; sourceTree = "<group>"; };
		67ECE5FA25FA96ED009553DD /* Assets.xcassets */ = {isa = PBXFileReference; lastKnownFileType = folder.assetcatalog; path = Assets.xcassets; sourceTree = "<group>"; };
		67ECE5FD25FA96ED009553DD /* Preview Assets.xcassets */ = {isa = PBXFileReference; lastKnownFileType = folder.assetcatalog; path = "Preview Assets.xcassets"; sourceTree = "<group>"; };
		67ECE5FF25FA96ED009553DD /* Info.plist */ = {isa = PBXFileReference; lastKnownFileType = text.plist.xml; path = Info.plist; sourceTree = "<group>"; };
		67ECE60625FA9918009553DD /* Framework.swift */ = {isa = PBXFileReference; lastKnownFileType = sourcecode.swift; path = Framework.swift; sourceTree = "<group>"; };
		67ECE60A25FAA2A9009553DD /* FrameworkDetailView.swift */ = {isa = PBXFileReference; lastKnownFileType = sourcecode.swift; path = FrameworkDetailView.swift; sourceTree = "<group>"; };
		67ECE61025FAA5E2009553DD /* FrameworksButton.swift */ = {isa = PBXFileReference; lastKnownFileType = sourcecode.swift; path = FrameworksButton.swift; sourceTree = "<group>"; };
		67ECE61325FAA8DB009553DD /* FrameworkGridViewModel.swift */ = {isa = PBXFileReference; lastKnownFileType = sourcecode.swift; path = FrameworkGridViewModel.swift; sourceTree = "<group>"; };
		67ECE61625FAABE6009553DD /* FrameworkDismissButton.swift */ = {isa = PBXFileReference; lastKnownFileType = sourcecode.swift; path = FrameworkDismissButton.swift; sourceTree = "<group>"; };
		67ECE61A25FB3EC7009553DD /* SafariView.swift */ = {isa = PBXFileReference; lastKnownFileType = sourcecode.swift; path = SafariView.swift; sourceTree = "<group>"; };
		67ECE61D25FB444B009553DD /* FrameworkTitleView.swift */ = {isa = PBXFileReference; lastKnownFileType = sourcecode.swift; path = FrameworkTitleView.swift; sourceTree = "<group>"; };
/* End PBXFileReference section */

/* Begin PBXFrameworksBuildPhase section */
		67ECE5F025FA96EC009553DD /* Frameworks */ = {
			isa = PBXFrameworksBuildPhase;
			buildActionMask = 2147483647;
			files = (
			);
			runOnlyForDeploymentPostprocessing = 0;
		};
/* End PBXFrameworksBuildPhase section */

/* Begin PBXGroup section */
		67ECE5EA25FA96EC009553DD = {
			isa = PBXGroup;
			children = (
				67ECE5F525FA96EC009553DD /* SwiftUI-AppleFrameworks */,
				67ECE5F425FA96EC009553DD /* Products */,
			);
			sourceTree = "<group>";
		};
		67ECE5F425FA96EC009553DD /* Products */ = {
			isa = PBXGroup;
			children = (
				67ECE5F325FA96EC009553DD /* SwiftUI-AppleFrameworks.app */,
			);
			name = Products;
			sourceTree = "<group>";
		};
		67ECE5F525FA96EC009553DD /* SwiftUI-AppleFrameworks */ = {
			isa = PBXGroup;
			children = (
				67ECE62725FB45A0009553DD /* UIKit Components */,
				67ECE62425FB456C009553DD /* Views */,
				67ECE62325FB4558009553DD /* Model */,
				67ECE62025FB4510009553DD /* Screens */,
				67ECE5F625FA96EC009553DD /* SwiftUI_AppleFrameworksApp.swift */,
				67ECE5FA25FA96ED009553DD /* Assets.xcassets */,
				67ECE5FF25FA96ED009553DD /* Info.plist */,
				67ECE5FC25FA96ED009553DD /* Preview Content */,
			);
			path = "SwiftUI-AppleFrameworks";
			sourceTree = "<group>";
		};
		67ECE5FC25FA96ED009553DD /* Preview Content */ = {
			isa = PBXGroup;
			children = (
				67ECE5FD25FA96ED009553DD /* Preview Assets.xcassets */,
			);
			path = "Preview Content";
			sourceTree = "<group>";
		};
		67ECE62025FB4510009553DD /* Screens */ = {
			isa = PBXGroup;
			children = (
				67ECE62125FB4517009553DD /* FrameworkGridView */,
				67ECE62225FB4539009553DD /* FrameworkDetailView */,
			);
			path = Screens;
			sourceTree = "<group>";
		};
		67ECE62125FB4517009553DD /* FrameworkGridView */ = {
			isa = PBXGroup;
			children = (
				67ECE5F825FA96EC009553DD /* FrameworkGridView.swift */,
				67ECE61325FAA8DB009553DD /* FrameworkGridViewModel.swift */,
			);
			path = FrameworkGridView;
			sourceTree = "<group>";
		};
		67ECE62225FB4539009553DD /* FrameworkDetailView */ = {
			isa = PBXGroup;
			children = (
				67ECE60A25FAA2A9009553DD /* FrameworkDetailView.swift */,
			);
			path = FrameworkDetailView;
			sourceTree = "<group>";
		};
		67ECE62325FB4558009553DD /* Model */ = {
			isa = PBXGroup;
			children = (
				67ECE60625FA9918009553DD /* Framework.swift */,
			);
			path = Model;
			sourceTree = "<group>";
		};
		67ECE62425FB456C009553DD /* Views */ = {
			isa = PBXGroup;
			children = (
				67ECE62625FB458A009553DD /* View */,
				67ECE62525FB4574009553DD /* Buttons */,
			);
			path = Views;
			sourceTree = "<group>";
		};
		67ECE62525FB4574009553DD /* Buttons */ = {
			isa = PBXGroup;
			children = (
				67ECE61025FAA5E2009553DD /* FrameworksButton.swift */,
				67ECE61625FAABE6009553DD /* FrameworkDismissButton.swift */,
			);
			path = Buttons;
			sourceTree = "<group>";
		};
		67ECE62625FB458A009553DD /* View */ = {
			isa = PBXGroup;
			children = (
				67ECE61D25FB444B009553DD /* FrameworkTitleView.swift */,
			);
			path = View;
			sourceTree = "<group>";
		};
		67ECE62725FB45A0009553DD /* UIKit Components */ = {
			isa = PBXGroup;
			children = (
				67ECE61A25FB3EC7009553DD /* SafariView.swift */,
			);
			path = "UIKit Components";
			sourceTree = "<group>";
		};
/* End PBXGroup section */

/* Begin PBXNativeTarget section */
		67ECE5F225FA96EC009553DD /* SwiftUI-AppleFrameworks */ = {
			isa = PBXNativeTarget;
			buildConfigurationList = 67ECE60225FA96ED009553DD /* Build configuration list for PBXNativeTarget "SwiftUI-AppleFrameworks" */;
			buildPhases = (
				67ECE5EF25FA96EC009553DD /* Sources */,
				67ECE5F025FA96EC009553DD /* Frameworks */,
				67ECE5F125FA96EC009553DD /* Resources */,
			);
			buildRules = (
			);
			dependencies = (
			);
			name = "SwiftUI-AppleFrameworks";
			productName = "SwiftUI-AppleFrameworks";
			productReference = 67ECE5F325FA96EC009553DD /* SwiftUI-AppleFrameworks.app */;
			productType = "com.apple.product-type.application";
		};
/* End PBXNativeTarget section */

/* Begin PBXProject section */
		67ECE5EB25FA96EC009553DD /* Project object */ = {
			isa = PBXProject;
			attributes = {
				LastSwiftUpdateCheck = 1240;
				LastUpgradeCheck = 1240;
				TargetAttributes = {
					67ECE5F225FA96EC009553DD = {
						CreatedOnToolsVersion = 12.4;
					};
				};
			};
			buildConfigurationList = 67ECE5EE25FA96EC009553DD /* Build configuration list for PBXProject "SwiftUI-AppleFrameworks" */;
			compatibilityVersion = "Xcode 9.3";
			developmentRegion = en;
			hasScannedForEncodings = 0;
			knownRegions = (
				en,
				Base,
			);
			mainGroup = 67ECE5EA25FA96EC009553DD;
			productRefGroup = 67ECE5F425FA96EC009553DD /* Products */;
			projectDirPath = "";
			projectRoot = "";
			targets = (
				67ECE5F225FA96EC009553DD /* SwiftUI-AppleFrameworks */,
			);
		};
/* End PBXProject section */

/* Begin PBXResourcesBuildPhase section */
		67ECE5F125FA96EC009553DD /* Resources */ = {
			isa = PBXResourcesBuildPhase;
			buildActionMask = 2147483647;
			files = (
				67ECE5FE25FA96ED009553DD /* Preview Assets.xcassets in Resources */,
				67ECE5FB25FA96ED009553DD /* Assets.xcassets in Resources */,
			);
			runOnlyForDeploymentPostprocessing = 0;
		};
/* End PBXResourcesBuildPhase section */

/* Begin PBXSourcesBuildPhase section */
		67ECE5EF25FA96EC009553DD /* Sources */ = {
			isa = PBXSourcesBuildPhase;
			buildActionMask = 2147483647;
			files = (
				67ECE5F925FA96EC009553DD /* FrameworkGridView.swift in Sources */,
				67ECE61E25FB444B009553DD /* FrameworkTitleView.swift in Sources */,
				67ECE60B25FAA2A9009553DD /* FrameworkDetailView.swift in Sources */,
				67ECE60725FA9918009553DD /* Framework.swift in Sources */,
				67ECE61725FAABE6009553DD /* FrameworkDismissButton.swift in Sources */,
				67ECE61B25FB3EC7009553DD /* SafariView.swift in Sources */,
				67ECE5F725FA96EC009553DD /* SwiftUI_AppleFrameworksApp.swift in Sources */,
				67ECE61125FAA5E2009553DD /* FrameworksButton.swift in Sources */,
				67ECE61425FAA8DB009553DD /* FrameworkGridViewModel.swift in Sources */,
			);
			runOnlyForDeploymentPostprocessing = 0;
		};
/* End PBXSourcesBuildPhase section */

/* Begin XCBuildConfiguration section */
		67ECE60025FA96ED009553DD /* Debug */ = {
			isa = XCBuildConfiguration;
			buildSettings = {
				ALWAYS_SEARCH_USER_PATHS = NO;
				CLANG_ANALYZER_NONNULL = YES;
				CLANG_ANALYZER_NUMBER_OBJECT_CONVERSION = YES_AGGRESSIVE;
				CLANG_CXX_LANGUAGE_STANDARD = "gnu++14";
				CLANG_CXX_LIBRARY = "libc++";
				CLANG_ENABLE_MODULES = YES;
				CLANG_ENABLE_OBJC_ARC = YES;
				CLANG_ENABLE_OBJC_WEAK = YES;
				CLANG_WARN_BLOCK_CAPTURE_AUTORELEASING = YES;
				CLANG_WARN_BOOL_CONVERSION = YES;
				CLANG_WARN_COMMA = YES;
				CLANG_WARN_CONSTANT_CONVERSION = YES;
				CLANG_WARN_DEPRECATED_OBJC_IMPLEMENTATIONS = YES;
				CLANG_WARN_DIRECT_OBJC_ISA_USAGE = YES_ERROR;
				CLANG_WARN_DOCUMENTATION_COMMENTS = YES;
				CLANG_WARN_EMPTY_BODY = YES;
				CLANG_WARN_ENUM_CONVERSION = YES;
				CLANG_WARN_INFINITE_RECURSION = YES;
				CLANG_WARN_INT_CONVERSION = YES;
				CLANG_WARN_NON_LITERAL_NULL_CONVERSION = YES;
				CLANG_WARN_OBJC_IMPLICIT_RETAIN_SELF = YES;
				CLANG_WARN_OBJC_LITERAL_CONVERSION = YES;
				CLANG_WARN_OBJC_ROOT_CLASS = YES_ERROR;
				CLANG_WARN_QUOTED_INCLUDE_IN_FRAMEWORK_HEADER = YES;
				CLANG_WARN_RANGE_LOOP_ANALYSIS = YES;
				CLANG_WARN_STRICT_PROTOTYPES = YES;
				CLANG_WARN_SUSPICIOUS_MOVE = YES;
				CLANG_WARN_UNGUARDED_AVAILABILITY = YES_AGGRESSIVE;
				CLANG_WARN_UNREACHABLE_CODE = YES;
				CLANG_WARN__DUPLICATE_METHOD_MATCH = YES;
				COPY_PHASE_STRIP = NO;
				DEBUG_INFORMATION_FORMAT = dwarf;
				ENABLE_STRICT_OBJC_MSGSEND = YES;
				ENABLE_TESTABILITY = YES;
				GCC_C_LANGUAGE_STANDARD = gnu11;
				GCC_DYNAMIC_NO_PIC = NO;
				GCC_NO_COMMON_BLOCKS = YES;
				GCC_OPTIMIZATION_LEVEL = 0;
				GCC_PREPROCESSOR_DEFINITIONS = (
					"DEBUG=1",
					"$(inherited)",
				);
				GCC_WARN_64_TO_32_BIT_CONVERSION = YES;
				GCC_WARN_ABOUT_RETURN_TYPE = YES_ERROR;
				GCC_WARN_UNDECLARED_SELECTOR = YES;
				GCC_WARN_UNINITIALIZED_AUTOS = YES_AGGRESSIVE;
				GCC_WARN_UNUSED_FUNCTION = YES;
				GCC_WARN_UNUSED_VARIABLE = YES;
				IPHONEOS_DEPLOYMENT_TARGET = 14.4;
				MTL_ENABLE_DEBUG_INFO = INCLUDE_SOURCE;
				MTL_FAST_MATH = YES;
				ONLY_ACTIVE_ARCH = YES;
				SDKROOT = iphoneos;
				SWIFT_ACTIVE_COMPILATION_CONDITIONS = DEBUG;
				SWIFT_OPTIMIZATION_LEVEL = "-Onone";
			};
			name = Debug;
		};
		67ECE60125FA96ED009553DD /* Release */ = {
			isa = XCBuildConfiguration;
			buildSettings = {
				ALWAYS_SEARCH_USER_PATHS = NO;
				CLANG_ANALYZER_NONNULL = YES;
				CLANG_ANALYZER_NUMBER_OBJECT_CONVERSION = YES_AGGRESSIVE;
				CLANG_CXX_LANGUAGE_STANDARD = "gnu++14";
				CLANG_CXX_LIBRARY = "libc++";
				CLANG_ENABLE_MODULES = YES;
				CLANG_ENABLE_OBJC_ARC = YES;
				CLANG_ENABLE_OBJC_WEAK = YES;
				CLANG_WARN_BLOCK_CAPTURE_AUTORELEASING = YES;
				CLANG_WARN_BOOL_CONVERSION = YES;
				CLANG_WARN_COMMA = YES;
				CLANG_WARN_CONSTANT_CONVERSION = YES;
				CLANG_WARN_DEPRECATED_OBJC_IMPLEMENTATIONS = YES;
				CLANG_WARN_DIRECT_OBJC_ISA_USAGE = YES_ERROR;
				CLANG_WARN_DOCUMENTATION_COMMENTS = YES;
				CLANG_WARN_EMPTY_BODY = YES;
				CLANG_WARN_ENUM_CONVERSION = YES;
				CLANG_WARN_INFINITE_RECURSION = YES;
				CLANG_WARN_INT_CONVERSION = YES;
				CLANG_WARN_NON_LITERAL_NULL_CONVERSION = YES;
				CLANG_WARN_OBJC_IMPLICIT_RETAIN_SELF = YES;
				CLANG_WARN_OBJC_LITERAL_CONVERSION = YES;
				CLANG_WARN_OBJC_ROOT_CLASS = YES_ERROR;
				CLANG_WARN_QUOTED_INCLUDE_IN_FRAMEWORK_HEADER = YES;
				CLANG_WARN_RANGE_LOOP_ANALYSIS = YES;
				CLANG_WARN_STRICT_PROTOTYPES = YES;
				CLANG_WARN_SUSPICIOUS_MOVE = YES;
				CLANG_WARN_UNGUARDED_AVAILABILITY = YES_AGGRESSIVE;
				CLANG_WARN_UNREACHABLE_CODE = YES;
				CLANG_WARN__DUPLICATE_METHOD_MATCH = YES;
				COPY_PHASE_STRIP = NO;
				DEBUG_INFORMATION_FORMAT = "dwarf-with-dsym";
				ENABLE_NS_ASSERTIONS = NO;
				ENABLE_STRICT_OBJC_MSGSEND = YES;
				GCC_C_LANGUAGE_STANDARD = gnu11;
				GCC_NO_COMMON_BLOCKS = YES;
				GCC_WARN_64_TO_32_BIT_CONVERSION = YES;
				GCC_WARN_ABOUT_RETURN_TYPE = YES_ERROR;
				GCC_WARN_UNDECLARED_SELECTOR = YES;
				GCC_WARN_UNINITIALIZED_AUTOS = YES_AGGRESSIVE;
				GCC_WARN_UNUSED_FUNCTION = YES;
				GCC_WARN_UNUSED_VARIABLE = YES;
				IPHONEOS_DEPLOYMENT_TARGET = 14.4;
				MTL_ENABLE_DEBUG_INFO = NO;
				MTL_FAST_MATH = YES;
				SDKROOT = iphoneos;
				SWIFT_COMPILATION_MODE = wholemodule;
				SWIFT_OPTIMIZATION_LEVEL = "-O";
				VALIDATE_PRODUCT = YES;
			};
			name = Release;
		};
		67ECE60325FA96ED009553DD /* Debug */ = {
			isa = XCBuildConfiguration;
			buildSettings = {
				ASSETCATALOG_COMPILER_APPICON_NAME = AppIcon;
				ASSETCATALOG_COMPILER_GLOBAL_ACCENT_COLOR_NAME = AccentColor;
				CODE_SIGN_STYLE = Automatic;
				DEVELOPMENT_ASSET_PATHS = "\"SwiftUI-AppleFrameworks/Preview Content\"";
				DEVELOPMENT_TEAM = 3PHS45582J;
				ENABLE_PREVIEWS = YES;
				INFOPLIST_FILE = "SwiftUI-AppleFrameworks/Info.plist";
				IPHONEOS_DEPLOYMENT_TARGET = 14.0;
				LD_RUNPATH_SEARCH_PATHS = (
					"$(inherited)",
					"@executable_path/Frameworks",
				);
				PRODUCT_BUNDLE_IDENTIFIER = "com.oleg991.SwiftUI-AppleFrameworks";
				PRODUCT_NAME = "$(TARGET_NAME)";
				SWIFT_VERSION = 5.0;
				TARGETED_DEVICE_FAMILY = "1,2";
			};
			name = Debug;
		};
		67ECE60425FA96ED009553DD /* Release */ = {
			isa = XCBuildConfiguration;
			buildSettings = {
				ASSETCATALOG_COMPILER_APPICON_NAME = AppIcon;
				ASSETCATALOG_COMPILER_GLOBAL_ACCENT_COLOR_NAME = AccentColor;
				CODE_SIGN_STYLE = Automatic;
				DEVELOPMENT_ASSET_PATHS = "\"SwiftUI-AppleFrameworks/Preview Content\"";
				DEVELOPMENT_TEAM = 3PHS45582J;
				ENABLE_PREVIEWS = YES;
				INFOPLIST_FILE = "SwiftUI-AppleFrameworks/Info.plist";
				IPHONEOS_DEPLOYMENT_TARGET = 14.0;
				LD_RUNPATH_SEARCH_PATHS = (
					"$(inherited)",
					"@executable_path/Frameworks",
				);
				PRODUCT_BUNDLE_IDENTIFIER = "com.oleg991.SwiftUI-AppleFrameworks";
				PRODUCT_NAME = "$(TARGET_NAME)";
				SWIFT_VERSION = 5.0;
				TARGETED_DEVICE_FAMILY = "1,2";
			};
			name = Release;
		};
/* End XCBuildConfiguration section */

/* Begin XCConfigurationList section */
		67ECE5EE25FA96EC009553DD /* Build configuration list for PBXProject "SwiftUI-AppleFrameworks" */ = {
			isa = XCConfigurationList;
			buildConfigurations = (
				67ECE60025FA96ED009553DD /* Debug */,
				67ECE60125FA96ED009553DD /* Release */,
			);
			defaultConfigurationIsVisible = 0;
			defaultConfigurationName = Release;
		};
		67ECE60225FA96ED009553DD /* Build configuration list for PBXNativeTarget "SwiftUI-AppleFrameworks" */ = {
			isa = XCConfigurationList;
			buildConfigurations = (
				67ECE60325FA96ED009553DD /* Debug */,
				67ECE60425FA96ED009553DD /* Release */,
			);
			defaultConfigurationIsVisible = 0;
			defaultConfigurationName = Release;
		};
/* End XCConfigurationList section */
	};
	rootObject = 67ECE5EB25FA96EC009553DD /* Project object */;
}
